<?xml version="1.0" encoding="utf-8"?>
<Project ToolsVersion="4.0" xmlns="http://schemas.microsoft.com/developer/msbuild/2003">
  <ItemGroup>
    <Filter Include="Source Files">
      <UniqueIdentifier>{4FC737F1-C7A5-4376-A066-2A32D752A2FF}</UniqueIdentifier>
      <Extensions>cpp;c;cc;cxx;c++;cppm;ixx;def;odl;idl;hpj;bat;asm;asmx</Extensions>
    </Filter>
    <Filter Include="Header Files">
      <UniqueIdentifier>{93995380-89BD-4b04-88EB-625FBE52EBFB}</UniqueIdentifier>
      <Extensions>h;hh;hpp;hxx;h++;hm;inl;inc;ipp;xsd</Extensions>
    </Filter>
    <Filter Include="Resource Files">
      <UniqueIdentifier>{67DA6AB6-F800-4c08-8B7A-83BB121AAD01}</UniqueIdentifier>
      <Extensions>rc;ico;cur;bmp;dlg;rc2;rct;bin;rgs;gif;jpg;jpeg;jpe;resx;tiff;tif;png;wav;mfcribbon-ms</Extensions>
    </Filter>
  </ItemGroup>
  <ItemGroup>
    <ClCompile Include="src\OsgImGuiHandler.cpp">
      <Filter>Source Files</Filter>
    </ClCompile>
    <ClCompile Include="src\imgui\imgui.cpp">
      <Filter>Source Files</Filter>
    </ClCompile>
    <ClCompile Include="src\imgui\imgui_demo.cpp">
      <Filter>Source Files</Filter>
    </ClCompile>
    <ClCompile Include="src\imgui\imgui_draw.cpp">
      <Filter>Source Files</Filter>
    </ClCompile>
    <ClCompile Include="src\imgui\imgui_impl_opengl3.cpp">
      <Filter>Source Files</Filter>
    </ClCompile>
    <ClCompile Include="src\imgui\imgui_widgets.cpp">
      <Filter>Source Files</Filter>
    </ClCompile>
    <ClCompile Include="src\PlaygroundImGuiHandler.cpp">
      <Filter>Source Files</Filter>
    </ClCompile>
    <ClCompile Include="src\main.cpp">
      <Filter>Source Files</Filter>
    </ClCompile>
    <ClCompile Include="src\TreeGeneratorVisitor.cpp">
      <Filter>Source Files</Filter>
    </ClCompile>
    <ClCompile Include="src\UtilityFunctions.cpp">
      <Filter>Source Files</Filter>
    </ClCompile>
    <ClCompile Include="src\Options\GraphOptions\AddGeodeOption.cpp">
      <Filter>Source Files</Filter>
    </ClCompile>
    <ClCompile Include="src\Options\GraphOptions\AddGeometryOption.cpp">
      <Filter>Source Files</Filter>
    </ClCompile>
    <ClCompile Include="src\Options\GraphOptions\AddGroupOption.cpp">
      <Filter>Source Files</Filter>
    </ClCompile>
    <ClCompile Include="src\Options\GraphOptions\AddIndexedGeometryOption.cpp">
      <Filter>Source Files</Filter>
    </ClCompile>
    <ClCompile Include="src\Options\GraphOptions\AddLightSourceOption.cpp">
      <Filter>Source Files</Filter>
    </ClCompile>
    <ClCompile Include="src\Options\GraphOptions\AddMatrixTransformOption.cpp">
      <Filter>Source Files</Filter>
    </ClCompile>
    <ClCompile Include="src\Options\GraphOptions\AddNodeFromFileOption.cpp">
      <Filter>Source Files</Filter>
    </ClCompile>
    <ClCompile Include="src\Options\GraphOptions\AddorAdjustLodNodeOption.cpp">
      <Filter>Source Files</Filter>
    </ClCompile>
    <ClCompile Include="src\Options\GraphOptions\AddOrAdjustSwitchNodeOption.cpp">
      <Filter>Source Files</Filter>
    </ClCompile>
    <ClCompile Include="src\Options\StateSetOptions\AddShaderOption.cpp">
      <Filter>Source Files</Filter>
    </ClCompile>
    <ClCompile Include="src\Options\GraphOptions\AddShapeDrawableOption.cpp">
      <Filter>Source Files</Filter>
    </ClCompile>
    <ClCompile Include="src\Options\StateSetOptions\AdjustBlendFunctionOption.cpp">
      <Filter>Source Files</Filter>
    </ClCompile>
    <ClCompile Include="src\Options\StateSetOptions\AdjustLightStateOption.cpp">
      <Filter>Source Files</Filter>
    </ClCompile>
    <ClCompile Include="src\Options\StateSetOptions\AdjustPolygonModeOption.cpp">
      <Filter>Source Files</Filter>
    </ClCompile>
    <ClCompile Include="src\Options\StateSetOptions\AdjustRenderingHintOption.cpp">
      <Filter>Source Files</Filter>
    </ClCompile>
    <ClCompile Include="src\Options\StateSetOptions\AdjustStateOption.cpp">
      <Filter>Source Files</Filter>
    </ClCompile>
    <ClCompile Include="src\Options\GraphOptions\DeleteNodeOption.cpp">
      <Filter>Source Files</Filter>
    </ClCompile>
    <ClCompile Include="src\Options\StateSetOption.cpp">
      <Filter>Source Files</Filter>
    </ClCompile>
  </ItemGroup>
  <ItemGroup>
    <ClInclude Include="include\OsgImGuiHandler.hpp">
      <Filter>Header Files</Filter>
    </ClInclude>
    <ClInclude Include="include\imgui\imconfig.h">
      <Filter>Header Files</Filter>
    </ClInclude>
    <ClInclude Include="include\imgui\imgui.h">
      <Filter>Header Files</Filter>
    </ClInclude>
    <ClInclude Include="include\imgui\imgui_impl_opengl3.h">
      <Filter>Header Files</Filter>
    </ClInclude>
    <ClInclude Include="include\imgui\imgui_internal.h">
      <Filter>Header Files</Filter>
    </ClInclude>
    <ClInclude Include="include\imgui\imstb_rectpack.h">
      <Filter>Header Files</Filter>
    </ClInclude>
    <ClInclude Include="include\imgui\imstb_textedit.h">
      <Filter>Header Files</Filter>
    </ClInclude>
    <ClInclude Include="include\imgui\imstb_truetype.h">
      <Filter>Header Files</Filter>
    </ClInclude>
    <ClInclude Include="include\GlewInitOperation.h">
      <Filter>Header Files</Filter>
    </ClInclude>
    <ClInclude Include="include\PlaygroundImGuiHandler.h">
      <Filter>Header Files</Filter>
    </ClInclude>
    <ClInclude Include="include\TreeGeneratorVisitor.h">
      <Filter>Header Files</Filter>
    </ClInclude>
    <ClInclude Include="include\UtilityFunctions.h">
      <Filter>Header Files</Filter>
    </ClInclude>
    <ClInclude Include="include\Options\GraphOptions\AddGeodeOption.h">
      <Filter>Header Files</Filter>
    </ClInclude>
    <ClInclude Include="include\Options\GraphOptions\AddGeometryOption.h">
      <Filter>Header Files</Filter>
    </ClInclude>
    <ClInclude Include="include\Options\GraphOptions\AddGroupOption.h">
      <Filter>Header Files</Filter>
    </ClInclude>
    <ClInclude Include="include\Options\GraphOptions\AddIndexedGeometryOption.h">
      <Filter>Header Files</Filter>
    </ClInclude>
    <ClInclude Include="include\Options\GraphOptions\AddLightSourceOption.h">
      <Filter>Header Files</Filter>
    </ClInclude>
    <ClInclude Include="include\Options\GraphOptions\AddMatrixTransformOption.h">
      <Filter>Header Files</Filter>
    </ClInclude>
    <ClInclude Include="include\Options\GraphOptions\AddNodeFromFileOption.h">
      <Filter>Header Files</Filter>
    </ClInclude>
    <ClInclude Include="include\Options\GraphOptions\AddOrAdjustLodNodeOption.h">
      <Filter>Header Files</Filter>
    </ClInclude>
    <ClInclude Include="include\Options\GraphOptions\AddOrAdjustSwitchNodeOption.h">
      <Filter>Header Files</Filter>
    </ClInclude>
    <ClInclude Include="include\Options\StateSetOptions\AddShaderOption.h">
      <Filter>Header Files</Filter>
    </ClInclude>
    <ClInclude Include="include\Options\GraphOptions\AddShapeDrawableOption.h">
      <Filter>Header Files</Filter>
    </ClInclude>
    <ClInclude Include="include\Options\StateSetOptions\AdjustBlendFunctionOption.h">
      <Filter>Header Files</Filter>
    </ClInclude>
    <ClInclude Include="include\Options\StateSetOptions\AdjustLightStateOption.h">
      <Filter>Header Files</Filter>
    </ClInclude>
    <ClInclude Include="include\Options\StateSetOptions\AdjustPolygonModeOption.h">
      <Filter>Header Files</Filter>
    </ClInclude>
    <ClInclude Include="include\Options\StateSetOptions\AdjustRenderingHintOption.h">
      <Filter>Header Files</Filter>
    </ClInclude>
    <ClInclude Include="include\Options\StateSetOptions\AdjustStateOption.h">
      <Filter>Header Files</Filter>
    </ClInclude>
    <ClInclude Include="include\Options\GraphOptions\DeleteNodeOption.h">
      <Filter>Header Files</Filter>
    </ClInclude>
    <ClInclude Include="include\Options\StateSetOption.h">
      <Filter>Header Files</Filter>
    </ClInclude>
    <ClInclude Include="include\Options\GraphOption.h">
      <Filter>Header Files</Filter>
    </ClInclude>
  </ItemGroup>
</Project>